
Microsoft Visual Studio Solution File, Format Version 12.00
# Visual Studio Version 16
VisualStudioVersion = 16.0.29102.190
MinimumVisualStudioVersion = 10.0.40219.1
Project("{FAE04EC0-301F-11D3-BF4B-00C04F79EFBC}") = "MultiValue", "MultiValue\MultiValue.csproj", "{3E48CAB7-6BE8-4B9B-8DCB-F378CBAE3626}"
EndProject
Global
	GlobalSection(SolutionConfigurationPlatforms) = preSolution
		Debug|Any CPU = Debug|Any CPU
		Release|Any CPU = Release|Any CPU
	EndGlobalSection
	GlobalSection(ProjectConfigurationPlatforms) = postSolution
		{3E48CAB7-6BE8-4B9B-8DCB-F378CBAE3626}.Debug|Any CPU.ActiveCfg = Debug|Any CPU
		{3E48CAB7-6BE8-4B9B-8DCB-F378CBAE3626}.Debug|Any CPU.Build.0 = Debug|Any CPU
		{3E48CAB7-6BE8-4B9B-8DCB-F378CBAE3626}.Release|Any CPU.ActiveCfg = Release|Any CPU
		{3E48CAB7-6BE8-4B9B-8DCB-F378CBAE3626}.Release|Any CPU.Build.0 = Release|Any CPU
	EndGlobalSection
	GlobalSection(SolutionProperties) = preSolution
		HideSolutionNode = FALSE
	EndGlobalSection
	GlobalSection(ExtensibilityGlobals) = postSolution
		SolutionGuid = {63DF0EBC-7BF3-4639-B460-E86065C65FF6}
	EndGlobalSection
EndGlobal
